<?xml version="1.0" encoding="utf-8"?>
<Project ToolsVersion="4.0" xmlns="http://schemas.microsoft.com/developer/msbuild/2003">
  <ItemGroup>
    <Filter Include="Header Files">
      <UniqueIdentifier>{93995380-89BD-4b04-88EB-625FBE52EBFB}</UniqueIdentifier>
      <Extensions>h;hh;hpp;hxx;h++;hm;inl;inc;ipp;xsd</Extensions>
    </Filter>
    <Filter Include="Resource Files">
      <UniqueIdentifier>{67DA6AB6-F800-4c08-8B7A-83BB121AAD01}</UniqueIdentifier>
      <Extensions>rc;ico;cur;bmp;dlg;rc2;rct;bin;rgs;gif;jpg;jpeg;jpe;resx;tiff;tif;png;wav;mfcribbon-ms</Extensions>
    </Filter>
    <Filter Include="Resource Files\FEM">
      <UniqueIdentifier>{a3263837-a115-44c5-ae53-ca416c43b682}</UniqueIdentifier>
    </Filter>
    <Filter Include="Header Files\FEM">
      <UniqueIdentifier>{279a46c4-dbd3-4fed-bc19-33e885c2bbf7}</UniqueIdentifier>
    </Filter>
    <Filter Include="Header Files\XPBD">
      <UniqueIdentifier>{992d011a-4410-4dbb-9ffb-25a21bda876a}</UniqueIdentifier>
    </Filter>
    <Filter Include="Resource Files\XPBD">
      <UniqueIdentifier>{4FC737F1-C7A5-4376-A066-2A32D752A2FF}</UniqueIdentifier>
      <Extensions>cpp;c;cc;cxx;c++;cppm;ixx;def;odl;idl;hpj;bat;asm;asmx</Extensions>
    </Filter>
  </ItemGroup>
  <ItemGroup>
    <ClCompile Include="DxException.cpp">
      <Filter>Resource Files</Filter>
    </ClCompile>
    <ClCompile Include="GameTimer.cpp">
      <Filter>Resource Files</Filter>
    </ClCompile>
    <ClCompile Include="StencilApp.cpp">
      <Filter>Resource Files</Filter>
    </ClCompile>
    <ClCompile Include="D3DApp.cpp">
      <Filter>Resource Files</Filter>
    </ClCompile>
    <ClCompile Include="d3dUtil.cpp">
      <Filter>Resource Files</Filter>
    </ClCompile>
    <ClCompile Include="GeometryGenerator.h">
      <Filter>Header Files</Filter>
    </ClCompile>
    <ClCompile Include="GeometryGenerator.cpp">
      <Filter>Resource Files</Filter>
    </ClCompile>
    <ClCompile Include="FrameResource.cpp">
      <Filter>Resource Files</Filter>
    </ClCompile>
    <ClCompile Include="FEM.cpp">
      <Filter>Resource Files\FEM</Filter>
    </ClCompile>
    <ClCompile Include="LoadModel.cpp">
      <Filter>Resource Files\FEM</Filter>
    </ClCompile>
    <ClCompile Include="..\..\..\DragonBookCode\BookCode\Common\DDSTextureLoader.cpp">
      <Filter>Resource Files</Filter>
    </ClCompile>
    <ClCompile Include="XPBD.cpp">
      <Filter>Resource Files\XPBD</Filter>
    </ClCompile>
  </ItemGroup>
  <ItemGroup>
    <ClInclude Include="DxException.h">
      <Filter>Header Files</Filter>
    </ClInclude>
    <ClInclude Include="GameTimer.h">
      <Filter>Header Files</Filter>
    </ClInclude>
    <ClInclude Include="stdafx.h">
      <Filter>Header Files</Filter>
    </ClInclude>
    <ClInclude Include="D3DApp.h">
      <Filter>Header Files</Filter>
    </ClInclude>
    <ClInclude Include="d3dUtil.h">
      <Filter>Header Files</Filter>
    </ClInclude>
    <ClInclude Include="UploadBuffer.h">
      <Filter>Header Files</Filter>
    </ClInclude>
    <ClInclude Include="MeshGeometry.h">
      <Filter>Header Files</Filter>
    </ClInclude>
    <ClInclude Include="FrameResource.h">
      <Filter>Header Files</Filter>
    </ClInclude>
    <ClInclude Include="Waves.h">
      <Filter>Header Files</Filter>
    </ClInclude>
    <ClInclude Include="Material.h">
      <Filter>Header Files</Filter>
    </ClInclude>
    <ClInclude Include="Light.h">
      <Filter>Header Files</Filter>
    </ClInclude>
    <ClInclude Include="Texture.h">
      <Filter>Header Files</Filter>
    </ClInclude>
    <ClInclude Include="LoadModel.h">
      <Filter>Header Files\FEM</Filter>
    </ClInclude>
    <ClInclude Include="FEM.h">
      <Filter>Header Files\FEM</Filter>
    </ClInclude>
    <ClInclude Include="XPBD.h">
      <Filter>Header Files\XPBD</Filter>
    </ClInclude>
  </ItemGroup>
</Project>